
Microsoft Visual Studio Solution File, Format Version 12.00
# Visual Studio 14
VisualStudioVersion = 14.0.25420.1
MinimumVisualStudioVersion = 10.0.40219.1
Project("{FAE04EC0-301F-11D3-BF4B-00C04F79EFBC}") = "Lybr_PJ", "Lybr_PJ\Lybr_PJ.csproj", "{4512525C-D1E7-48D2-8AAA-A96672DEA868}"
EndProject
Global
	GlobalSection(SolutionConfigurationPlatforms) = preSolution
		Debug|Any CPU = Debug|Any CPU
		Release|Any CPU = Release|Any CPU
	EndGlobalSection
	GlobalSection(ProjectConfigurationPlatforms) = postSolution
		{4512525C-D1E7-48D2-8AAA-A96672DEA868}.Debug|Any CPU.ActiveCfg = Debug|Any CPU
		{4512525C-D1E7-48D2-8AAA-A96672DEA868}.Debug|Any CPU.Build.0 = Debug|Any CPU
		{4512525C-D1E7-48D2-8AAA-A96672DEA868}.Release|Any CPU.ActiveCfg = Release|Any CPU
		{4512525C-D1E7-48D2-8AAA-A96672DEA868}.Release|Any CPU.Build.0 = Release|Any CPU
	EndGlobalSection
	GlobalSection(SolutionProperties) = preSolution
		HideSolutionNode = FALSE
	EndGlobalSection
	GlobalSection(ExtensibilityGlobals) = postSolution
		SolutionGuid = {E11C21D6-1FD4-43BF-8984-C7F26FA23BF1}
	EndGlobalSection
EndGlobal
